
Microsoft Visual Studio Solution File, Format Version 12.00
# Visual Studio 15
VisualStudioVersion = 15.0.28307.421
MinimumVisualStudioVersion = 10.0.40219.1
Project("{2150E333-8FDC-42A3-9474-1A3956D46DE8}") = "src", "src", "{3093F01A-5C5D-4698-8E67-467C08FFDC94}"
EndProject
Project("{2150E333-8FDC-42A3-9474-1A3956D46DE8}") = "test", "test", "{FE2771CD-9774-4937-9667-EB4802831F75}"
EndProject
Project("{2150E333-8FDC-42A3-9474-1A3956D46DE8}") = "Services", "Services", "{609AA7E5-0CF9-489B-854B-77DAC464F83E}"
EndProject
Project("{2150E333-8FDC-42A3-9474-1A3956D46DE8}") = "Project", "Project", "{00D508A4-22CC-492C-9CB7-DE07688CF284}"
EndProject
Project("{9A19103F-16F7-4668-BE54-9A1E7A4F7556}") = "Project.API", "src\Services\Project\Project.API\Project.API.csproj", "{5965B180-7CDD-4109-9B2C-85474CB2C94C}"
EndProject
Project("{2150E333-8FDC-42A3-9474-1A3956D46DE8}") = "Chat", "Chat", "{8240DA01-C9FF-45BD-B6CD-0D543C74FD59}"
EndProject
Project("{2150E333-8FDC-42A3-9474-1A3956D46DE8}") = "Identity", "Identity", "{346053E0-25CB-48BD-B76D-300F84F6E8BD}"
EndProject
Project("{9A19103F-16F7-4668-BE54-9A1E7A4F7556}") = "Chat.API", "src\Services\Chat\Chat.API\Chat.API.csproj", "{3FCE2694-A47A-4ECC-9F24-6CB1F203BA3C}"
EndProject
Project("{9A19103F-16F7-4668-BE54-9A1E7A4F7556}") = "Identity.API", "src\Services\Identity\Identity.API\Identity.API.csproj", "{EE5809DC-65A2-4C9F-8BEB-9F9DF226FEF5}"
EndProject
Project("{2150E333-8FDC-42A3-9474-1A3956D46DE8}") = "Notification", "Notification", "{C593E374-11BE-45B1-86A2-2DF27F62F00C}"
EndProject
Project("{FAE04EC0-301F-11D3-BF4B-00C04F79EFBC}") = "Notification.API", "src\Services\Notification\Notification.API\Notification.API.csproj", "{B4B712BE-F813-4547-8B58-C3A3B1E90AE3}"
EndProject
Project("{2150E333-8FDC-42A3-9474-1A3956D46DE8}") = "Note", "Note", "{7AC1ADD1-C549-41EC-B225-BE3B01FE6C50}"
EndProject
Project("{FAE04EC0-301F-11D3-BF4B-00C04F79EFBC}") = "Note.API", "src\Services\Note\Note.API\Note.API.csproj", "{2F2CE901-A3F5-44DA-BD7C-E73D01948C33}"
EndProject
Project("{2150E333-8FDC-42A3-9474-1A3956D46DE8}") = "Comment", "Comment", "{FDAA6F65-4B90-43F1-9002-EF299B17BEE9}"
EndProject
Project("{FAE04EC0-301F-11D3-BF4B-00C04F79EFBC}") = "Comment.API", "src\Services\Comment\Comment.API\Comment.API.csproj", "{54441609-C287-41DB-9120-04BC1429AFD5}"
EndProject
Project("{2150E333-8FDC-42A3-9474-1A3956D46DE8}") = "Task", "Task", "{5A76B8D3-865D-4DC5-BECD-4206EB35F1F0}"
EndProject
Project("{FAE04EC0-301F-11D3-BF4B-00C04F79EFBC}") = "Task.API", "src\Services\Task\Task.API\Task.API.csproj", "{81335663-B429-43AF-B044-1F8E6B11037E}"
EndProject
Global
	GlobalSection(SolutionConfigurationPlatforms) = preSolution
		Debug|Any CPU = Debug|Any CPU
		Release|Any CPU = Release|Any CPU
	EndGlobalSection
	GlobalSection(ProjectConfigurationPlatforms) = postSolution
		{5965B180-7CDD-4109-9B2C-85474CB2C94C}.Debug|Any CPU.ActiveCfg = Debug|Any CPU
		{5965B180-7CDD-4109-9B2C-85474CB2C94C}.Debug|Any CPU.Build.0 = Debug|Any CPU
		{5965B180-7CDD-4109-9B2C-85474CB2C94C}.Release|Any CPU.ActiveCfg = Release|Any CPU
		{5965B180-7CDD-4109-9B2C-85474CB2C94C}.Release|Any CPU.Build.0 = Release|Any CPU
		{3FCE2694-A47A-4ECC-9F24-6CB1F203BA3C}.Debug|Any CPU.ActiveCfg = Debug|Any CPU
		{3FCE2694-A47A-4ECC-9F24-6CB1F203BA3C}.Debug|Any CPU.Build.0 = Debug|Any CPU
		{3FCE2694-A47A-4ECC-9F24-6CB1F203BA3C}.Release|Any CPU.ActiveCfg = Release|Any CPU
		{3FCE2694-A47A-4ECC-9F24-6CB1F203BA3C}.Release|Any CPU.Build.0 = Release|Any CPU
		{EE5809DC-65A2-4C9F-8BEB-9F9DF226FEF5}.Debug|Any CPU.ActiveCfg = Debug|Any CPU
		{EE5809DC-65A2-4C9F-8BEB-9F9DF226FEF5}.Debug|Any CPU.Build.0 = Debug|Any CPU
		{EE5809DC-65A2-4C9F-8BEB-9F9DF226FEF5}.Release|Any CPU.ActiveCfg = Release|Any CPU
		{EE5809DC-65A2-4C9F-8BEB-9F9DF226FEF5}.Release|Any CPU.Build.0 = Release|Any CPU
		{B4B712BE-F813-4547-8B58-C3A3B1E90AE3}.Debug|Any CPU.ActiveCfg = Debug|Any CPU
		{B4B712BE-F813-4547-8B58-C3A3B1E90AE3}.Debug|Any CPU.Build.0 = Debug|Any CPU
		{B4B712BE-F813-4547-8B58-C3A3B1E90AE3}.Release|Any CPU.ActiveCfg = Release|Any CPU
		{B4B712BE-F813-4547-8B58-C3A3B1E90AE3}.Release|Any CPU.Build.0 = Release|Any CPU
		{2F2CE901-A3F5-44DA-BD7C-E73D01948C33}.Debug|Any CPU.ActiveCfg = Debug|Any CPU
		{2F2CE901-A3F5-44DA-BD7C-E73D01948C33}.Debug|Any CPU.Build.0 = Debug|Any CPU
		{2F2CE901-A3F5-44DA-BD7C-E73D01948C33}.Release|Any CPU.ActiveCfg = Release|Any CPU
		{2F2CE901-A3F5-44DA-BD7C-E73D01948C33}.Release|Any CPU.Build.0 = Release|Any CPU
		{54441609-C287-41DB-9120-04BC1429AFD5}.Debug|Any CPU.ActiveCfg = Debug|Any CPU
		{54441609-C287-41DB-9120-04BC1429AFD5}.Debug|Any CPU.Build.0 = Debug|Any CPU
		{54441609-C287-41DB-9120-04BC1429AFD5}.Release|Any CPU.ActiveCfg = Release|Any CPU
		{54441609-C287-41DB-9120-04BC1429AFD5}.Release|Any CPU.Build.0 = Release|Any CPU
		{81335663-B429-43AF-B044-1F8E6B11037E}.Debug|Any CPU.ActiveCfg = Debug|Any CPU
		{81335663-B429-43AF-B044-1F8E6B11037E}.Debug|Any CPU.Build.0 = Debug|Any CPU
		{81335663-B429-43AF-B044-1F8E6B11037E}.Release|Any CPU.ActiveCfg = Release|Any CPU
		{81335663-B429-43AF-B044-1F8E6B11037E}.Release|Any CPU.Build.0 = Release|Any CPU
	EndGlobalSection
	GlobalSection(SolutionProperties) = preSolution
		HideSolutionNode = FALSE
	EndGlobalSection
	GlobalSection(NestedProjects) = preSolution
		{609AA7E5-0CF9-489B-854B-77DAC464F83E} = {3093F01A-5C5D-4698-8E67-467C08FFDC94}
		{00D508A4-22CC-492C-9CB7-DE07688CF284} = {609AA7E5-0CF9-489B-854B-77DAC464F83E}
		{5965B180-7CDD-4109-9B2C-85474CB2C94C} = {00D508A4-22CC-492C-9CB7-DE07688CF284}
		{8240DA01-C9FF-45BD-B6CD-0D543C74FD59} = {609AA7E5-0CF9-489B-854B-77DAC464F83E}
		{346053E0-25CB-48BD-B76D-300F84F6E8BD} = {609AA7E5-0CF9-489B-854B-77DAC464F83E}
		{3FCE2694-A47A-4ECC-9F24-6CB1F203BA3C} = {8240DA01-C9FF-45BD-B6CD-0D543C74FD59}
		{EE5809DC-65A2-4C9F-8BEB-9F9DF226FEF5} = {346053E0-25CB-48BD-B76D-300F84F6E8BD}
		{C593E374-11BE-45B1-86A2-2DF27F62F00C} = {609AA7E5-0CF9-489B-854B-77DAC464F83E}
		{B4B712BE-F813-4547-8B58-C3A3B1E90AE3} = {C593E374-11BE-45B1-86A2-2DF27F62F00C}
		{7AC1ADD1-C549-41EC-B225-BE3B01FE6C50} = {609AA7E5-0CF9-489B-854B-77DAC464F83E}
		{2F2CE901-A3F5-44DA-BD7C-E73D01948C33} = {7AC1ADD1-C549-41EC-B225-BE3B01FE6C50}
		{FDAA6F65-4B90-43F1-9002-EF299B17BEE9} = {609AA7E5-0CF9-489B-854B-77DAC464F83E}
		{54441609-C287-41DB-9120-04BC1429AFD5} = {FDAA6F65-4B90-43F1-9002-EF299B17BEE9}
		{5A76B8D3-865D-4DC5-BECD-4206EB35F1F0} = {609AA7E5-0CF9-489B-854B-77DAC464F83E}
		{81335663-B429-43AF-B044-1F8E6B11037E} = {5A76B8D3-865D-4DC5-BECD-4206EB35F1F0}
	EndGlobalSection
	GlobalSection(ExtensibilityGlobals) = postSolution
		SolutionGuid = {3F593DCF-FE25-41E0-94C3-86C8B89306AE}
	EndGlobalSection
EndGlobal
