
Microsoft Visual Studio Solution File, Format Version 12.00
# Visual Studio Version 16
VisualStudioVersion = 16.0.28922.388
MinimumVisualStudioVersion = 10.0.40219.1
Project("{2150E333-8FDC-42A3-9474-1A3956D46DE8}") = "src", "src", "{3093F01A-5C5D-4698-8E67-467C08FFDC94}"
EndProject
Project("{2150E333-8FDC-42A3-9474-1A3956D46DE8}") = "test", "test", "{FE2771CD-9774-4937-9667-EB4802831F75}"
EndProject
Project("{2150E333-8FDC-42A3-9474-1A3956D46DE8}") = "api", "api", "{609AA7E5-0CF9-489B-854B-77DAC464F83E}"
EndProject
Project("{2150E333-8FDC-42A3-9474-1A3956D46DE8}") = "Project", "Project", "{00D508A4-22CC-492C-9CB7-DE07688CF284}"
EndProject
Project("{2150E333-8FDC-42A3-9474-1A3956D46DE8}") = "Chat", "Chat", "{8240DA01-C9FF-45BD-B6CD-0D543C74FD59}"
EndProject
Project("{2150E333-8FDC-42A3-9474-1A3956D46DE8}") = "Auth", "Auth", "{346053E0-25CB-48BD-B76D-300F84F6E8BD}"
EndProject
Project("{2150E333-8FDC-42A3-9474-1A3956D46DE8}") = "Notification", "Notification", "{C593E374-11BE-45B1-86A2-2DF27F62F00C}"
EndProject
Project("{2150E333-8FDC-42A3-9474-1A3956D46DE8}") = "Comment", "Comment", "{FDAA6F65-4B90-43F1-9002-EF299B17BEE9}"
EndProject
Project("{2150E333-8FDC-42A3-9474-1A3956D46DE8}") = "Task", "Task", "{5A76B8D3-865D-4DC5-BECD-4206EB35F1F0}"
EndProject
Project("{9A19103F-16F7-4668-BE54-9A1E7A4F7556}") = "Task.API", "src\api\Task\Task.API\Task.API.csproj", "{81335663-B429-43AF-B044-1F8E6B11037E}"
EndProject
Project("{2150E333-8FDC-42A3-9474-1A3956D46DE8}") = "client", "client", "{60A410EA-C4EF-4073-9817-C8E21E570B75}"
EndProject
Project("{E53339B2-1760-4266-BCC7-CA923CBCF16C}") = "docker-compose", "docker-compose.dcproj", "{6DFE0E31-29E1-47B4-A6CE-45CFCBED3964}"
EndProject
Project("{2150E333-8FDC-42A3-9474-1A3956D46DE8}") = "ApiGateways", "ApiGateways", "{CF167AD1-4230-47C1-B23E-505AACD1DBB2}"
EndProject
Project("{2150E333-8FDC-42A3-9474-1A3956D46DE8}") = "ApiGw-Base", "ApiGw-Base", "{2D1494E0-7B25-400B-B6D9-C905755488E6}"
EndProject
Project("{9A19103F-16F7-4668-BE54-9A1E7A4F7556}") = "OcelotApiGw", "src\ApiGateways\ApiGw-Base\OcelotApiGw\OcelotApiGw.csproj", "{2B99AB17-71AE-484C-A576-4CD11E9BE318}"
EndProject
Project("{9A19103F-16F7-4668-BE54-9A1E7A4F7556}") = "Project.Domain", "src\api\Project\Project.Domain\Project.Domain.csproj", "{B74E218C-E9EF-41A7-9B7D-648C2D22E83E}"
EndProject
Project("{9A19103F-16F7-4668-BE54-9A1E7A4F7556}") = "Project.Infastructure", "src\api\Project\Project.Infastructure\Project.Infastructure.csproj", "{4686B6AD-2CCC-4446-B150-A48361EEBB1D}"
EndProject
Project("{2150E333-8FDC-42A3-9474-1A3956D46DE8}") = "BuildingBlocks", "BuildingBlocks", "{DD32447B-ECA1-4EA7-B742-97C44A91D3D9}"
EndProject
Project("{9A19103F-16F7-4668-BE54-9A1E7A4F7556}") = "WebHost.Customization", "src\BuildingBlocks\WebHostCustomization\WebHost.Customization\WebHost.Customization.csproj", "{828508FF-AC65-4B89-8679-6161CCA442FC}"
EndProject
Project("{9A19103F-16F7-4668-BE54-9A1E7A4F7556}") = "Auth.API", "src\api\Auth\Auth.API\Auth.API.csproj", "{4B72EAFE-5671-45E3-9A2A-4A9BD8D1F5A5}"
EndProject
Project("{9A19103F-16F7-4668-BE54-9A1E7A4F7556}") = "Project.API", "src\api\Project\Project.API_new\Project.API.csproj", "{9CD547D6-9186-4D29-9BE1-D042DB2E54BA}"
EndProject
Project("{FAE04EC0-301F-11D3-BF4B-00C04F79EFBC}") = "Comment.API", "src\api\Comment\Comment.API\Comment.API.csproj", "{03EF02BA-0AD6-43B5-943B-4AF11C3F29D2}"
EndProject
Global
	GlobalSection(SolutionConfigurationPlatforms) = preSolution
		Debug|Any CPU = Debug|Any CPU
		Release|Any CPU = Release|Any CPU
	EndGlobalSection
	GlobalSection(ProjectConfigurationPlatforms) = postSolution
		{81335663-B429-43AF-B044-1F8E6B11037E}.Debug|Any CPU.ActiveCfg = Debug|Any CPU
		{81335663-B429-43AF-B044-1F8E6B11037E}.Debug|Any CPU.Build.0 = Debug|Any CPU
		{81335663-B429-43AF-B044-1F8E6B11037E}.Release|Any CPU.ActiveCfg = Release|Any CPU
		{81335663-B429-43AF-B044-1F8E6B11037E}.Release|Any CPU.Build.0 = Release|Any CPU
		{6DFE0E31-29E1-47B4-A6CE-45CFCBED3964}.Debug|Any CPU.ActiveCfg = Debug|Any CPU
		{6DFE0E31-29E1-47B4-A6CE-45CFCBED3964}.Debug|Any CPU.Build.0 = Debug|Any CPU
		{6DFE0E31-29E1-47B4-A6CE-45CFCBED3964}.Release|Any CPU.ActiveCfg = Release|Any CPU
		{6DFE0E31-29E1-47B4-A6CE-45CFCBED3964}.Release|Any CPU.Build.0 = Release|Any CPU
		{2B99AB17-71AE-484C-A576-4CD11E9BE318}.Debug|Any CPU.ActiveCfg = Debug|Any CPU
		{2B99AB17-71AE-484C-A576-4CD11E9BE318}.Debug|Any CPU.Build.0 = Debug|Any CPU
		{2B99AB17-71AE-484C-A576-4CD11E9BE318}.Release|Any CPU.ActiveCfg = Release|Any CPU
		{2B99AB17-71AE-484C-A576-4CD11E9BE318}.Release|Any CPU.Build.0 = Release|Any CPU
		{B74E218C-E9EF-41A7-9B7D-648C2D22E83E}.Debug|Any CPU.ActiveCfg = Debug|Any CPU
		{B74E218C-E9EF-41A7-9B7D-648C2D22E83E}.Debug|Any CPU.Build.0 = Debug|Any CPU
		{B74E218C-E9EF-41A7-9B7D-648C2D22E83E}.Release|Any CPU.ActiveCfg = Release|Any CPU
		{B74E218C-E9EF-41A7-9B7D-648C2D22E83E}.Release|Any CPU.Build.0 = Release|Any CPU
		{4686B6AD-2CCC-4446-B150-A48361EEBB1D}.Debug|Any CPU.ActiveCfg = Debug|Any CPU
		{4686B6AD-2CCC-4446-B150-A48361EEBB1D}.Debug|Any CPU.Build.0 = Debug|Any CPU
		{4686B6AD-2CCC-4446-B150-A48361EEBB1D}.Release|Any CPU.ActiveCfg = Release|Any CPU
		{4686B6AD-2CCC-4446-B150-A48361EEBB1D}.Release|Any CPU.Build.0 = Release|Any CPU
		{828508FF-AC65-4B89-8679-6161CCA442FC}.Debug|Any CPU.ActiveCfg = Debug|Any CPU
		{828508FF-AC65-4B89-8679-6161CCA442FC}.Debug|Any CPU.Build.0 = Debug|Any CPU
		{828508FF-AC65-4B89-8679-6161CCA442FC}.Release|Any CPU.ActiveCfg = Release|Any CPU
		{828508FF-AC65-4B89-8679-6161CCA442FC}.Release|Any CPU.Build.0 = Release|Any CPU
		{4B72EAFE-5671-45E3-9A2A-4A9BD8D1F5A5}.Debug|Any CPU.ActiveCfg = Debug|Any CPU
		{4B72EAFE-5671-45E3-9A2A-4A9BD8D1F5A5}.Debug|Any CPU.Build.0 = Debug|Any CPU
		{4B72EAFE-5671-45E3-9A2A-4A9BD8D1F5A5}.Release|Any CPU.ActiveCfg = Release|Any CPU
		{4B72EAFE-5671-45E3-9A2A-4A9BD8D1F5A5}.Release|Any CPU.Build.0 = Release|Any CPU
		{9CD547D6-9186-4D29-9BE1-D042DB2E54BA}.Debug|Any CPU.ActiveCfg = Debug|Any CPU
		{9CD547D6-9186-4D29-9BE1-D042DB2E54BA}.Debug|Any CPU.Build.0 = Debug|Any CPU
		{9CD547D6-9186-4D29-9BE1-D042DB2E54BA}.Release|Any CPU.ActiveCfg = Release|Any CPU
		{9CD547D6-9186-4D29-9BE1-D042DB2E54BA}.Release|Any CPU.Build.0 = Release|Any CPU
		{03EF02BA-0AD6-43B5-943B-4AF11C3F29D2}.Debug|Any CPU.ActiveCfg = Debug|Any CPU
		{03EF02BA-0AD6-43B5-943B-4AF11C3F29D2}.Debug|Any CPU.Build.0 = Debug|Any CPU
		{03EF02BA-0AD6-43B5-943B-4AF11C3F29D2}.Release|Any CPU.ActiveCfg = Release|Any CPU
		{03EF02BA-0AD6-43B5-943B-4AF11C3F29D2}.Release|Any CPU.Build.0 = Release|Any CPU
	EndGlobalSection
	GlobalSection(SolutionProperties) = preSolution
		HideSolutionNode = FALSE
	EndGlobalSection
	GlobalSection(NestedProjects) = preSolution
		{609AA7E5-0CF9-489B-854B-77DAC464F83E} = {3093F01A-5C5D-4698-8E67-467C08FFDC94}
		{00D508A4-22CC-492C-9CB7-DE07688CF284} = {609AA7E5-0CF9-489B-854B-77DAC464F83E}
		{8240DA01-C9FF-45BD-B6CD-0D543C74FD59} = {609AA7E5-0CF9-489B-854B-77DAC464F83E}
		{346053E0-25CB-48BD-B76D-300F84F6E8BD} = {609AA7E5-0CF9-489B-854B-77DAC464F83E}
		{C593E374-11BE-45B1-86A2-2DF27F62F00C} = {609AA7E5-0CF9-489B-854B-77DAC464F83E}
		{FDAA6F65-4B90-43F1-9002-EF299B17BEE9} = {609AA7E5-0CF9-489B-854B-77DAC464F83E}
		{5A76B8D3-865D-4DC5-BECD-4206EB35F1F0} = {609AA7E5-0CF9-489B-854B-77DAC464F83E}
		{81335663-B429-43AF-B044-1F8E6B11037E} = {5A76B8D3-865D-4DC5-BECD-4206EB35F1F0}
		{60A410EA-C4EF-4073-9817-C8E21E570B75} = {3093F01A-5C5D-4698-8E67-467C08FFDC94}
		{CF167AD1-4230-47C1-B23E-505AACD1DBB2} = {3093F01A-5C5D-4698-8E67-467C08FFDC94}
		{2D1494E0-7B25-400B-B6D9-C905755488E6} = {CF167AD1-4230-47C1-B23E-505AACD1DBB2}
		{2B99AB17-71AE-484C-A576-4CD11E9BE318} = {2D1494E0-7B25-400B-B6D9-C905755488E6}
		{B74E218C-E9EF-41A7-9B7D-648C2D22E83E} = {00D508A4-22CC-492C-9CB7-DE07688CF284}
		{4686B6AD-2CCC-4446-B150-A48361EEBB1D} = {00D508A4-22CC-492C-9CB7-DE07688CF284}
		{DD32447B-ECA1-4EA7-B742-97C44A91D3D9} = {3093F01A-5C5D-4698-8E67-467C08FFDC94}
		{828508FF-AC65-4B89-8679-6161CCA442FC} = {DD32447B-ECA1-4EA7-B742-97C44A91D3D9}
		{4B72EAFE-5671-45E3-9A2A-4A9BD8D1F5A5} = {346053E0-25CB-48BD-B76D-300F84F6E8BD}
		{9CD547D6-9186-4D29-9BE1-D042DB2E54BA} = {00D508A4-22CC-492C-9CB7-DE07688CF284}
		{03EF02BA-0AD6-43B5-943B-4AF11C3F29D2} = {FDAA6F65-4B90-43F1-9002-EF299B17BEE9}
	EndGlobalSection
	GlobalSection(ExtensibilityGlobals) = postSolution
		SolutionGuid = {3F593DCF-FE25-41E0-94C3-86C8B89306AE}
	EndGlobalSection
EndGlobal
